
Microsoft Visual Studio Solution File, Format Version 12.00
# Visual Studio 2013
VisualStudioVersion = 12.0.21005.1
MinimumVisualStudioVersion = 10.0.40219.1
Project("{FAE04EC0-301F-11D3-BF4B-00C04F79EFBC}") = "SRTester", "SRTester\SRTester.csproj", "{50B88AEB-6C1A-4CC2-9A34-43603786C58F}"
EndProject
Project("{FAE04EC0-301F-11D3-BF4B-00C04F79EFBC}") = "LocoBuzz.API.Services", "LocoBuzz.API.Services\LocoBuzz.API.Services.csproj", "{27D5D76E-0D5F-43AA-B3F0-32519309F7BF}"
EndProject
Project("{FAE04EC0-301F-11D3-BF4B-00C04F79EFBC}") = "LocoBuzz.API.Common", "LocoBuzz.API.Common\LocoBuzz.API.Common.csproj", "{2E912A9E-B37A-433E-8898-C81235B6B125}"
EndProject
Project("{FAE04EC0-301F-11D3-BF4B-00C04F79EFBC}") = "LocoBuzz.API.Business", "LocoBuzz.API.Business\LocoBuzz.API.Business.csproj", "{9B8DB216-5771-47C5-991F-03C8238228AE}"
EndProject
Project("{FAE04EC0-301F-11D3-BF4B-00C04F79EFBC}") = "LocoBuzz.API.BusinessModels", "LocoBuzz.API.BusinessModels\LocoBuzz.API.BusinessModels.csproj", "{011496F2-C7D9-496C-A902-F4B337BBF674}"
EndProject
Global
	GlobalSection(SolutionConfigurationPlatforms) = preSolution
		Debug|Any CPU = Debug|Any CPU
		Release|Any CPU = Release|Any CPU
	EndGlobalSection
	GlobalSection(ProjectConfigurationPlatforms) = postSolution
		{50B88AEB-6C1A-4CC2-9A34-43603786C58F}.Debug|Any CPU.ActiveCfg = Debug|Any CPU
		{50B88AEB-6C1A-4CC2-9A34-43603786C58F}.Debug|Any CPU.Build.0 = Debug|Any CPU
		{50B88AEB-6C1A-4CC2-9A34-43603786C58F}.Release|Any CPU.ActiveCfg = Release|Any CPU
		{50B88AEB-6C1A-4CC2-9A34-43603786C58F}.Release|Any CPU.Build.0 = Release|Any CPU
		{27D5D76E-0D5F-43AA-B3F0-32519309F7BF}.Debug|Any CPU.ActiveCfg = Debug|Any CPU
		{27D5D76E-0D5F-43AA-B3F0-32519309F7BF}.Debug|Any CPU.Build.0 = Debug|Any CPU
		{27D5D76E-0D5F-43AA-B3F0-32519309F7BF}.Release|Any CPU.ActiveCfg = Release|Any CPU
		{27D5D76E-0D5F-43AA-B3F0-32519309F7BF}.Release|Any CPU.Build.0 = Release|Any CPU
		{2E912A9E-B37A-433E-8898-C81235B6B125}.Debug|Any CPU.ActiveCfg = Debug|Any CPU
		{2E912A9E-B37A-433E-8898-C81235B6B125}.Debug|Any CPU.Build.0 = Debug|Any CPU
		{2E912A9E-B37A-433E-8898-C81235B6B125}.Release|Any CPU.ActiveCfg = Release|Any CPU
		{2E912A9E-B37A-433E-8898-C81235B6B125}.Release|Any CPU.Build.0 = Release|Any CPU
		{9B8DB216-5771-47C5-991F-03C8238228AE}.Debug|Any CPU.ActiveCfg = Debug|Any CPU
		{9B8DB216-5771-47C5-991F-03C8238228AE}.Debug|Any CPU.Build.0 = Debug|Any CPU
		{9B8DB216-5771-47C5-991F-03C8238228AE}.Release|Any CPU.ActiveCfg = Release|Any CPU
		{9B8DB216-5771-47C5-991F-03C8238228AE}.Release|Any CPU.Build.0 = Release|Any CPU
		{011496F2-C7D9-496C-A902-F4B337BBF674}.Debug|Any CPU.ActiveCfg = Debug|Any CPU
		{011496F2-C7D9-496C-A902-F4B337BBF674}.Debug|Any CPU.Build.0 = Debug|Any CPU
		{011496F2-C7D9-496C-A902-F4B337BBF674}.Release|Any CPU.ActiveCfg = Release|Any CPU
		{011496F2-C7D9-496C-A902-F4B337BBF674}.Release|Any CPU.Build.0 = Release|Any CPU
	EndGlobalSection
	GlobalSection(SolutionProperties) = preSolution
		HideSolutionNode = FALSE
	EndGlobalSection
EndGlobal
